
Microsoft Visual Studio Solution File, Format Version 12.00
# Visual Studio Version 17
VisualStudioVersion = 17.8.34601.278
MinimumVisualStudioVersion = 10.0.40219.1
Project("{FAE04EC0-301F-11D3-BF4B-00C04F79EFBC}") = "ApiRealtimeChat", "ApiRealtimeChat\ApiRealtimeChat.csproj", "{45D12E9A-8D84-43F5-948C-FB37DD6CA0AF}"
EndProject
Project("{FAE04EC0-301F-11D3-BF4B-00C04F79EFBC}") = "Domain", "Domain\Domain.csproj", "{50932149-9349-410D-82B0-6587E4F5FAC1}"
EndProject
Project("{FAE04EC0-301F-11D3-BF4B-00C04F79EFBC}") = "Application", "Application\Application.csproj", "{87592031-E98C-49E1-83CE-AB4C32F864E4}"
EndProject
Project("{FAE04EC0-301F-11D3-BF4B-00C04F79EFBC}") = "Infrastructure", "Infrastructure\Infrastructure.csproj", "{95EAF480-D294-472D-B531-51E6030477A0}"
EndProject
Global
	GlobalSection(SolutionConfigurationPlatforms) = preSolution
		Debug|Any CPU = Debug|Any CPU
		Release|Any CPU = Release|Any CPU
	EndGlobalSection
	GlobalSection(ProjectConfigurationPlatforms) = postSolution
		{45D12E9A-8D84-43F5-948C-FB37DD6CA0AF}.Debug|Any CPU.ActiveCfg = Debug|Any CPU
		{45D12E9A-8D84-43F5-948C-FB37DD6CA0AF}.Debug|Any CPU.Build.0 = Debug|Any CPU
		{45D12E9A-8D84-43F5-948C-FB37DD6CA0AF}.Release|Any CPU.ActiveCfg = Release|Any CPU
		{45D12E9A-8D84-43F5-948C-FB37DD6CA0AF}.Release|Any CPU.Build.0 = Release|Any CPU
		{50932149-9349-410D-82B0-6587E4F5FAC1}.Debug|Any CPU.ActiveCfg = Debug|Any CPU
		{50932149-9349-410D-82B0-6587E4F5FAC1}.Debug|Any CPU.Build.0 = Debug|Any CPU
		{50932149-9349-410D-82B0-6587E4F5FAC1}.Release|Any CPU.ActiveCfg = Release|Any CPU
		{50932149-9349-410D-82B0-6587E4F5FAC1}.Release|Any CPU.Build.0 = Release|Any CPU
		{87592031-E98C-49E1-83CE-AB4C32F864E4}.Debug|Any CPU.ActiveCfg = Debug|Any CPU
		{87592031-E98C-49E1-83CE-AB4C32F864E4}.Debug|Any CPU.Build.0 = Debug|Any CPU
		{87592031-E98C-49E1-83CE-AB4C32F864E4}.Release|Any CPU.ActiveCfg = Release|Any CPU
		{87592031-E98C-49E1-83CE-AB4C32F864E4}.Release|Any CPU.Build.0 = Release|Any CPU
		{95EAF480-D294-472D-B531-51E6030477A0}.Debug|Any CPU.ActiveCfg = Debug|Any CPU
		{95EAF480-D294-472D-B531-51E6030477A0}.Debug|Any CPU.Build.0 = Debug|Any CPU
		{95EAF480-D294-472D-B531-51E6030477A0}.Release|Any CPU.ActiveCfg = Release|Any CPU
		{95EAF480-D294-472D-B531-51E6030477A0}.Release|Any CPU.Build.0 = Release|Any CPU
	EndGlobalSection
	GlobalSection(SolutionProperties) = preSolution
		HideSolutionNode = FALSE
	EndGlobalSection
	GlobalSection(ExtensibilityGlobals) = postSolution
		SolutionGuid = {A5E633D8-961A-4236-A38C-37AE4C631E91}
	EndGlobalSection
EndGlobal
